{
  "name": "arq-web",
  "version": "1.0.0",
  "lockfileVersion": 1,
  "requires": true,
  "dependencies": {
    "angular": {
      "version": "1.7.0",
      "resolved": "https://registry.npmjs.org/angular/-/angular-1.7.0.tgz",
      "integrity": "sha512-3LboCLjrOuC7dWh953O0+dI3dJ7PexYRSCIrfqoN5qoHyja/wak3eWoxPKb2Sl2qwiPbrUV5KJXwgpUQ48McBQ=="
    },
    "angular-animate": {
      "version": "1.7.0",
      "resolved": "https://registry.npmjs.org/angular-animate/-/angular-animate-1.7.0.tgz",
      "integrity": "sha512-508uYJLhcX85cKqOlp3stzv1WEnlEtKPGC2J1ljn8sxhwUhENWte2lGI8DJev26Lsk5dHpinBSJC/J0f7jj53w=="
    },
    "angular-aria": {
      "version": "1.7.0",
      "resolved": "https://registry.npmjs.org/angular-aria/-/angular-aria-1.7.0.tgz",
      "integrity": "sha512-Va2FxLqXRfNGHd7BO49PrAPVUKo3k8bIpfNDp+TF+e2W14hfiyb0CxLdg+jgUatzIsg/+dCWnuEhCd062XOQvg=="
    },
    "angular-local-storage": {
      "version": "0.5.2",
      "resolved": "https://registry.npmjs.org/angular-local-storage/-/angular-local-storage-0.5.2.tgz",
      "integrity": "sha1-cHm+sKpcqROG0iMSXv79E8oOzQw="
    },
    "angular-material": {
      "version": "1.1.9",
      "resolved": "https://registry.npmjs.org/angular-material/-/angular-material-1.1.9.tgz",
      "integrity": "sha512-kxyigi+7823k/31qQ0j6wL5FkCe/mw2bAg1kfEFzIvhUoe5Myr+0YoQyN8D8EGaaOyolXU/VPtxgKSfOCSLEBw=="
    },
    "angular-ui-bootstrap": {
      "version": "2.5.6",
      "resolved": "https://registry.npmjs.org/angular-ui-bootstrap/-/angular-ui-bootstrap-2.5.6.tgz",
      "integrity": "sha512-yzcHpPMLQl0232nDzm5P4iAFTFQ9dMw0QgFLuKYbDj9M0xJ62z0oudYD/Lvh1pWfRsukiytP4Xj6BHOSrSXP8A=="
    },
    "angular-ui-router": {
      "version": "0.3.2",
      "resolved": "https://registry.npmjs.org/angular-ui-router/-/angular-ui-router-0.3.2.tgz",
      "integrity": "sha1-wn4EljCcmSGNVlWYWxZKCWq1IKk=",
      "requires": {
        "angular": "1.7.0"
      }
    },
    "balanced-match": {
      "version": "1.0.0",
      "resolved": "https://registry.npmjs.org/balanced-match/-/balanced-match-1.0.0.tgz",
      "integrity": "sha1-ibTRmasr7kneFk6gK4nORi1xt2c="
    },
    "brace-expansion": {
      "version": "1.1.11",
      "resolved": "https://registry.npmjs.org/brace-expansion/-/brace-expansion-1.1.11.tgz",
      "integrity": "sha512-iCuPHDFgrHX7H2vEI/5xpz07zSHB00TpugqhmYtVmMO6518mCuRMoOYFldEBl0g187ufozdaHgWKcYFb61qGiA==",
      "requires": {
        "balanced-match": "1.0.0",
        "concat-map": "0.0.1"
      }
    },
    "cli": {
      "version": "1.0.1",
      "resolved": "https://registry.npmjs.org/cli/-/cli-1.0.1.tgz",
      "integrity": "sha1-IoF1NPJL+klQw01TLUjsvGIbjBQ=",
      "requires": {
        "exit": "0.1.2",
        "glob": "7.1.2"
      }
    },
    "concat-map": {
      "version": "0.0.1",
      "resolved": "https://registry.npmjs.org/concat-map/-/concat-map-0.0.1.tgz",
      "integrity": "sha1-2Klr13/Wjfd5OnMDajug1UBdR3s="
    },
    "exit": {
      "version": "0.1.2",
      "resolved": "https://registry.npmjs.org/exit/-/exit-0.1.2.tgz",
      "integrity": "sha1-BjJjj42HfMghB9MKD/8aF8uhzQw="
    },
    "fs.realpath": {
      "version": "1.0.0",
      "resolved": "https://registry.npmjs.org/fs.realpath/-/fs.realpath-1.0.0.tgz",
      "integrity": "sha1-FQStJSMVjKpA20onh8sBQRmU6k8="
    },
    "glob": {
      "version": "7.1.2",
      "resolved": "https://registry.npmjs.org/glob/-/glob-7.1.2.tgz",
      "integrity": "sha512-MJTUg1kjuLeQCJ+ccE4Vpa6kKVXkPYJ2mOCQyUuKLcLQsdrMCpBPUi8qVE6+YuaJkozeA9NusTAw3hLr8Xe5EQ==",
      "requires": {
        "fs.realpath": "1.0.0",
        "inflight": "1.0.6",
        "inherits": "2.0.3",
        "minimatch": "3.0.4",
        "once": "1.4.0",
        "path-is-absolute": "1.0.1"
      }
    },
    "inflight": {
      "version": "1.0.6",
      "resolved": "https://registry.npmjs.org/inflight/-/inflight-1.0.6.tgz",
      "integrity": "sha1-Sb1jMdfQLQwJvJEKEHW6gWW1bfk=",
      "requires": {
        "once": "1.4.0",
        "wrappy": "1.0.2"
      }
    },
    "inherits": {
      "version": "2.0.3",
      "resolved": "https://registry.npmjs.org/inherits/-/inherits-2.0.3.tgz",
      "integrity": "sha1-Yzwsg+PaQqUC9SRmAiSA9CCCYd4="
    },
    "lf-ng-md-file-input": {
      "version": "1.5.3",
      "resolved": "https://registry.npmjs.org/lf-ng-md-file-input/-/lf-ng-md-file-input-1.5.3.tgz",
      "integrity": "sha1-2arFMFCUB173o+NTN8flWoaSJLU="
    },
    "minimatch": {
      "version": "3.0.4",
      "resolved": "https://registry.npmjs.org/minimatch/-/minimatch-3.0.4.tgz",
      "integrity": "sha512-yJHVQEhyqPLUTgt9B83PXu6W3rx4MvvHvSUvToogpwoGDOUQ+yDrR0HRot+yOCdCO7u4hX3pWft6kWBBcqh0UA==",
      "requires": {
        "brace-expansion": "1.1.11"
      }
    },
    "once": {
      "version": "1.4.0",
      "resolved": "https://registry.npmjs.org/once/-/once-1.4.0.tgz",
      "integrity": "sha1-WDsap3WWHUsROsF9nFC6753Xa9E=",
      "requires": {
        "wrappy": "1.0.2"
      }
    },
    "path-is-absolute": {
      "version": "1.0.1",
      "resolved": "https://registry.npmjs.org/path-is-absolute/-/path-is-absolute-1.0.1.tgz",
      "integrity": "sha1-F0uSaHNVNP+8es5r9TpanhtcX18="
    },
    "satellizer": {
      "version": "0.15.5",
      "resolved": "https://registry.npmjs.org/satellizer/-/satellizer-0.15.5.tgz",
      "integrity": "sha1-Q8k9LTYcS2ts+dBtI7iIEwK1V6Q="
    },
    "ui-select": {
      "version": "0.19.8",
      "resolved": "https://registry.npmjs.org/ui-select/-/ui-select-0.19.8.tgz",
      "integrity": "sha1-dIYISKf9i8SU2YVtL2J3bqmGN8E="
    },
    "wrappy": {
      "version": "1.0.2",
      "resolved": "https://registry.npmjs.org/wrappy/-/wrappy-1.0.2.tgz",
      "integrity": "sha1-tSQ9jz7BqjXxNkYFvA0QNuMKtp8="
    }
  }
}
